
Microsoft Visual Studio Solution File, Format Version 12.00
# Visual Studio 14
VisualStudioVersion = 14.0.23107.0
MinimumVisualStudioVersion = 10.0.40219.1
Project("{FAE04EC0-301F-11D3-BF4B-00C04F79EFBC}") = "NpcsToCards", "NpcsToCards\NpcsToCards.csproj", "{5FFB8282-D165-4ACB-8410-1A1160648CE0}"
EndProject
Project("{FAE04EC0-301F-11D3-BF4B-00C04F79EFBC}") = "NpcsToCards.Tests", "NpcsToCards.Tests\NpcsToCards.Tests.csproj", "{6DD765C0-DFC5-49FA-B4E3-7760D6DC886B}"
EndProject
Global
	GlobalSection(SolutionConfigurationPlatforms) = preSolution
		Debug|Any CPU = Debug|Any CPU
		Release|Any CPU = Release|Any CPU
	EndGlobalSection
	GlobalSection(ProjectConfigurationPlatforms) = postSolution
		{5FFB8282-D165-4ACB-8410-1A1160648CE0}.Debug|Any CPU.ActiveCfg = Debug|Any CPU
		{5FFB8282-D165-4ACB-8410-1A1160648CE0}.Debug|Any CPU.Build.0 = Debug|Any CPU
		{5FFB8282-D165-4ACB-8410-1A1160648CE0}.Release|Any CPU.ActiveCfg = Release|Any CPU
		{5FFB8282-D165-4ACB-8410-1A1160648CE0}.Release|Any CPU.Build.0 = Release|Any CPU
		{6DD765C0-DFC5-49FA-B4E3-7760D6DC886B}.Debug|Any CPU.ActiveCfg = Debug|Any CPU
		{6DD765C0-DFC5-49FA-B4E3-7760D6DC886B}.Debug|Any CPU.Build.0 = Debug|Any CPU
		{6DD765C0-DFC5-49FA-B4E3-7760D6DC886B}.Release|Any CPU.ActiveCfg = Release|Any CPU
		{6DD765C0-DFC5-49FA-B4E3-7760D6DC886B}.Release|Any CPU.Build.0 = Release|Any CPU
	EndGlobalSection
	GlobalSection(SolutionProperties) = preSolution
		HideSolutionNode = FALSE
	EndGlobalSection
EndGlobal
